
Microsoft Visual Studio Solution File, Format Version 12.00
# Visual Studio 15
VisualStudioVersion = 15.0.28307.705
MinimumVisualStudioVersion = 10.0.40219.1
Project("{FAE04EC0-301F-11D3-BF4B-00C04F79EFBC}") = "AI1", "AI1\AI1.csproj", "{D47157A8-45DB-440F-8234-F7A4825DEADA}"
EndProject
Global
	GlobalSection(SolutionConfigurationPlatforms) = preSolution
		Debug|Any CPU = Debug|Any CPU
		Release|Any CPU = Release|Any CPU
	EndGlobalSection
	GlobalSection(ProjectConfigurationPlatforms) = postSolution
		{D47157A8-45DB-440F-8234-F7A4825DEADA}.Debug|Any CPU.ActiveCfg = Debug|Any CPU
		{D47157A8-45DB-440F-8234-F7A4825DEADA}.Debug|Any CPU.Build.0 = Debug|Any CPU
		{D47157A8-45DB-440F-8234-F7A4825DEADA}.Release|Any CPU.ActiveCfg = Release|Any CPU
		{D47157A8-45DB-440F-8234-F7A4825DEADA}.Release|Any CPU.Build.0 = Release|Any CPU
	EndGlobalSection
	GlobalSection(SolutionProperties) = preSolution
		HideSolutionNode = FALSE
	EndGlobalSection
	GlobalSection(ExtensibilityGlobals) = postSolution
		SolutionGuid = {269AE08E-E589-495A-A7A7-C33AAF7CA6A3}
	EndGlobalSection
EndGlobal
