
Microsoft Visual Studio Solution File, Format Version 12.00
# Visual Studio 15
VisualStudioVersion = 15.0.28307.705
MinimumVisualStudioVersion = 10.0.40219.1
Project("{FAE04EC0-301F-11D3-BF4B-00C04F79EFBC}") = "AI3", "AI3\AI3.csproj", "{63B78943-8774-48A6-B2BE-CA2951AA535F}"
EndProject
Global
	GlobalSection(SolutionConfigurationPlatforms) = preSolution
		Debug|Any CPU = Debug|Any CPU
		Release|Any CPU = Release|Any CPU
	EndGlobalSection
	GlobalSection(ProjectConfigurationPlatforms) = postSolution
		{63B78943-8774-48A6-B2BE-CA2951AA535F}.Debug|Any CPU.ActiveCfg = Debug|Any CPU
		{63B78943-8774-48A6-B2BE-CA2951AA535F}.Debug|Any CPU.Build.0 = Debug|Any CPU
		{63B78943-8774-48A6-B2BE-CA2951AA535F}.Release|Any CPU.ActiveCfg = Release|Any CPU
		{63B78943-8774-48A6-B2BE-CA2951AA535F}.Release|Any CPU.Build.0 = Release|Any CPU
	EndGlobalSection
	GlobalSection(SolutionProperties) = preSolution
		HideSolutionNode = FALSE
	EndGlobalSection
	GlobalSection(ExtensibilityGlobals) = postSolution
		SolutionGuid = {8AE5F1F9-6A18-4974-9CC6-2FAFFDAB5355}
	EndGlobalSection
EndGlobal
